
Microsoft Visual Studio Solution File, Format Version 12.00
# Visual Studio 15
VisualStudioVersion = 15.0.27703.2035
MinimumVisualStudioVersion = 10.0.40219.1
Project("{FAE04EC0-301F-11D3-BF4B-00C04F79EFBC}") = "WorkWithFile", "WorkWithFile\WorkWithFile.csproj", "{18125A87-5A24-4947-8048-BC5C793AE30D}"
EndProject
Project("{2150E333-8FDC-42A3-9474-1A3956D46DE8}") = "PL", "PL", "{4827FEF1-C56D-40AC-8546-7405DB8B2E7E}"
EndProject
Project("{2150E333-8FDC-42A3-9474-1A3956D46DE8}") = "DAL", "DAL", "{ED88E292-C447-412C-BED9-A008B1B4ACD2}"
EndProject
Project("{2150E333-8FDC-42A3-9474-1A3956D46DE8}") = "BLL", "BLL", "{CD41BFC6-E601-4364-8AD2-EA886F4E0199}"
EndProject
Project("{FAE04EC0-301F-11D3-BF4B-00C04F79EFBC}") = "Entity", "Entity\Entity.csproj", "{80B002A7-A1B3-4ABE-A9A5-5E84AEE62A0A}"
EndProject
Project("{2150E333-8FDC-42A3-9474-1A3956D46DE8}") = "Common", "Common", "{551ECD9C-5E82-47FD-8357-E78A7032182C}"
EndProject
Project("{FAE04EC0-301F-11D3-BF4B-00C04F79EFBC}") = "WorkWithFile.DAL.DAO", "WorkWithFile.DAL.DAO\WorkWithFile.DAL.DAO.csproj", "{32CADF2B-8876-47BC-8021-1CF3E6EA3FA1}"
EndProject
Project("{FAE04EC0-301F-11D3-BF4B-00C04F79EFBC}") = "WorkWithFile.DAL.Interface", "WorkWithFile.DAL.Interface\WorkWithFile.DAL.Interface.csproj", "{0CFD6024-1913-4494-B2D7-2026A102731D}"
EndProject
Project("{FAE04EC0-301F-11D3-BF4B-00C04F79EFBC}") = "WorkWithFile.BLL.Logic", "WorkWithFile.BLL.Logic\WorkWithFile.BLL.Logic.csproj", "{5E3F66B9-AFCF-4A9A-B657-81D869FA732E}"
EndProject
Project("{FAE04EC0-301F-11D3-BF4B-00C04F79EFBC}") = "WorkWithFile.BLL.Interface", "WorkWithFile.BLL.Interface\WorkWithFile.BLL.Interface.csproj", "{630CCEBE-B6F6-40EA-8EC4-6FA7B58E5779}"
EndProject
Project("{FAE04EC0-301F-11D3-BF4B-00C04F79EFBC}") = "NinjectCommon", "NinjectCommon\NinjectCommon.csproj", "{6BD6AC3A-C8E4-4C45-BE8C-BD6AABD7336B}"
EndProject
Project("{2150E333-8FDC-42A3-9474-1A3956D46DE8}") = "Tests", "Tests", "{450FD8BB-38DC-4C9F-9478-5FAA4741C5D9}"
EndProject
Project("{FAE04EC0-301F-11D3-BF4B-00C04F79EFBC}") = "WorkWithFile.Test", "WorkWithFile.Test\WorkWithFile.Test.csproj", "{022467CC-3656-4D07-833E-57B10FA9EC89}"
EndProject
Global
	GlobalSection(SolutionConfigurationPlatforms) = preSolution
		Debug|Any CPU = Debug|Any CPU
		Release|Any CPU = Release|Any CPU
	EndGlobalSection
	GlobalSection(ProjectConfigurationPlatforms) = postSolution
		{18125A87-5A24-4947-8048-BC5C793AE30D}.Debug|Any CPU.ActiveCfg = Debug|Any CPU
		{18125A87-5A24-4947-8048-BC5C793AE30D}.Debug|Any CPU.Build.0 = Debug|Any CPU
		{18125A87-5A24-4947-8048-BC5C793AE30D}.Release|Any CPU.ActiveCfg = Release|Any CPU
		{18125A87-5A24-4947-8048-BC5C793AE30D}.Release|Any CPU.Build.0 = Release|Any CPU
		{80B002A7-A1B3-4ABE-A9A5-5E84AEE62A0A}.Debug|Any CPU.ActiveCfg = Debug|Any CPU
		{80B002A7-A1B3-4ABE-A9A5-5E84AEE62A0A}.Debug|Any CPU.Build.0 = Debug|Any CPU
		{80B002A7-A1B3-4ABE-A9A5-5E84AEE62A0A}.Release|Any CPU.ActiveCfg = Release|Any CPU
		{80B002A7-A1B3-4ABE-A9A5-5E84AEE62A0A}.Release|Any CPU.Build.0 = Release|Any CPU
		{32CADF2B-8876-47BC-8021-1CF3E6EA3FA1}.Debug|Any CPU.ActiveCfg = Debug|Any CPU
		{32CADF2B-8876-47BC-8021-1CF3E6EA3FA1}.Debug|Any CPU.Build.0 = Debug|Any CPU
		{32CADF2B-8876-47BC-8021-1CF3E6EA3FA1}.Release|Any CPU.ActiveCfg = Release|Any CPU
		{32CADF2B-8876-47BC-8021-1CF3E6EA3FA1}.Release|Any CPU.Build.0 = Release|Any CPU
		{0CFD6024-1913-4494-B2D7-2026A102731D}.Debug|Any CPU.ActiveCfg = Debug|Any CPU
		{0CFD6024-1913-4494-B2D7-2026A102731D}.Debug|Any CPU.Build.0 = Debug|Any CPU
		{0CFD6024-1913-4494-B2D7-2026A102731D}.Release|Any CPU.ActiveCfg = Release|Any CPU
		{0CFD6024-1913-4494-B2D7-2026A102731D}.Release|Any CPU.Build.0 = Release|Any CPU
		{5E3F66B9-AFCF-4A9A-B657-81D869FA732E}.Debug|Any CPU.ActiveCfg = Debug|Any CPU
		{5E3F66B9-AFCF-4A9A-B657-81D869FA732E}.Debug|Any CPU.Build.0 = Debug|Any CPU
		{5E3F66B9-AFCF-4A9A-B657-81D869FA732E}.Release|Any CPU.ActiveCfg = Release|Any CPU
		{5E3F66B9-AFCF-4A9A-B657-81D869FA732E}.Release|Any CPU.Build.0 = Release|Any CPU
		{630CCEBE-B6F6-40EA-8EC4-6FA7B58E5779}.Debug|Any CPU.ActiveCfg = Debug|Any CPU
		{630CCEBE-B6F6-40EA-8EC4-6FA7B58E5779}.Debug|Any CPU.Build.0 = Debug|Any CPU
		{630CCEBE-B6F6-40EA-8EC4-6FA7B58E5779}.Release|Any CPU.ActiveCfg = Release|Any CPU
		{630CCEBE-B6F6-40EA-8EC4-6FA7B58E5779}.Release|Any CPU.Build.0 = Release|Any CPU
		{6BD6AC3A-C8E4-4C45-BE8C-BD6AABD7336B}.Debug|Any CPU.ActiveCfg = Debug|Any CPU
		{6BD6AC3A-C8E4-4C45-BE8C-BD6AABD7336B}.Debug|Any CPU.Build.0 = Debug|Any CPU
		{6BD6AC3A-C8E4-4C45-BE8C-BD6AABD7336B}.Release|Any CPU.ActiveCfg = Release|Any CPU
		{6BD6AC3A-C8E4-4C45-BE8C-BD6AABD7336B}.Release|Any CPU.Build.0 = Release|Any CPU
		{022467CC-3656-4D07-833E-57B10FA9EC89}.Debug|Any CPU.ActiveCfg = Debug|Any CPU
		{022467CC-3656-4D07-833E-57B10FA9EC89}.Debug|Any CPU.Build.0 = Debug|Any CPU
		{022467CC-3656-4D07-833E-57B10FA9EC89}.Release|Any CPU.ActiveCfg = Release|Any CPU
		{022467CC-3656-4D07-833E-57B10FA9EC89}.Release|Any CPU.Build.0 = Release|Any CPU
	EndGlobalSection
	GlobalSection(SolutionProperties) = preSolution
		HideSolutionNode = FALSE
	EndGlobalSection
	GlobalSection(NestedProjects) = preSolution
		{18125A87-5A24-4947-8048-BC5C793AE30D} = {4827FEF1-C56D-40AC-8546-7405DB8B2E7E}
		{80B002A7-A1B3-4ABE-A9A5-5E84AEE62A0A} = {551ECD9C-5E82-47FD-8357-E78A7032182C}
		{32CADF2B-8876-47BC-8021-1CF3E6EA3FA1} = {ED88E292-C447-412C-BED9-A008B1B4ACD2}
		{0CFD6024-1913-4494-B2D7-2026A102731D} = {ED88E292-C447-412C-BED9-A008B1B4ACD2}
		{5E3F66B9-AFCF-4A9A-B657-81D869FA732E} = {CD41BFC6-E601-4364-8AD2-EA886F4E0199}
		{630CCEBE-B6F6-40EA-8EC4-6FA7B58E5779} = {CD41BFC6-E601-4364-8AD2-EA886F4E0199}
		{6BD6AC3A-C8E4-4C45-BE8C-BD6AABD7336B} = {551ECD9C-5E82-47FD-8357-E78A7032182C}
		{022467CC-3656-4D07-833E-57B10FA9EC89} = {450FD8BB-38DC-4C9F-9478-5FAA4741C5D9}
	EndGlobalSection
	GlobalSection(ExtensibilityGlobals) = postSolution
		SolutionGuid = {34609E50-E381-465F-8F5D-C0DA80DB9CD0}
	EndGlobalSection
EndGlobal
